
Microsoft Visual Studio Solution File, Format Version 12.00
# Visual Studio 15
VisualStudioVersion = 15.0.28307.1800
MinimumVisualStudioVersion = 10.0.40219.1
Project("{FAE04EC0-301F-11D3-BF4B-00C04F79EFBC}") = "Cricket", "Cricket\Cricket.csproj", "{B87E9A2A-E580-4F46-B59F-A30B676E144F}"
EndProject
Global
	GlobalSection(SolutionConfigurationPlatforms) = preSolution
		Debug|Any CPU = Debug|Any CPU
		Release|Any CPU = Release|Any CPU
	EndGlobalSection
	GlobalSection(ProjectConfigurationPlatforms) = postSolution
		{B87E9A2A-E580-4F46-B59F-A30B676E144F}.Debug|Any CPU.ActiveCfg = Debug|Any CPU
		{B87E9A2A-E580-4F46-B59F-A30B676E144F}.Debug|Any CPU.Build.0 = Debug|Any CPU
		{B87E9A2A-E580-4F46-B59F-A30B676E144F}.Release|Any CPU.ActiveCfg = Release|Any CPU
		{B87E9A2A-E580-4F46-B59F-A30B676E144F}.Release|Any CPU.Build.0 = Release|Any CPU
	EndGlobalSection
	GlobalSection(SolutionProperties) = preSolution
		HideSolutionNode = FALSE
	EndGlobalSection
	GlobalSection(ExtensibilityGlobals) = postSolution
		SolutionGuid = {B13A2BCB-97FD-4CD1-AAC2-2FC53527023A}
	EndGlobalSection
EndGlobal
